# This file is autogenerated, do not edit; changes may be undone by the next 'dep ensure'.


[[projects]]
  branch = "master"
  name = "github.com/beorn7/perks"
  packages = ["quantile"]
  revision = "3a771d992973f24aa725d07868b467d1ddfceafb"

[[projects]]
  name = "github.com/ethereum/go-ethereum"
  packages = [
    "common/hexutil",
    "crypto/sha3",
    "log",
    "p2p/netutil",
    "rpc"
  ]
  revision = "2688dab48c9b8ae71b8d95c7678817eaa17f2b53"
  version = "v1.8.8"

[[projects]]
  name = "github.com/go-stack/stack"
  packages = ["."]
  revision = "54be5f394ed2c3e19dac9134a40a95ba5a017f7b"
  version = "v1.5.4"

[[projects]]
  name = "github.com/golang/protobuf"
  packages = ["proto"]
  revision = "b4deda0973fb4c70b50d226b1af49f3da59f5265"
  version = "v1.1.0"

[[projects]]
  name = "github.com/matttproud/golang_protobuf_extensions"
  packages = ["pbutil"]
  revision = "3247c84500bff8d9fb6d579d800f20b3e091582c"
  version = "v1.0.0"

[[projects]]
  name = "github.com/prometheus/client_golang"
  packages = [
    "prometheus",
    "prometheus/promhttp"
  ]
  revision = "c5b7fccd204277076155f10851dad72b76a49317"
  version = "v0.8.0"

[[projects]]
  branch = "master"
  name = "github.com/prometheus/client_model"
  packages = ["go"]
  revision = "99fa1f4be8e564e8a6b613da7fa6f46c9edafc6c"

[[projects]]
  branch = "master"
  name = "github.com/prometheus/common"
  packages = [
    "expfmt",
    "internal/bitbucket.org/ww/goautoneg",
    "model"
  ]
  revision = "7600349dcfe1abd18d72d3a1770870d9800a7801"

[[projects]]
  branch = "master"
  name = "github.com/prometheus/procfs"
  packages = [
    ".",
    "internal/util",
    "nfs",
    "xfs"
  ]
  revision = "8b1c2da0d56deffdbb9e48d4414b4e674bd8083e"

[[projects]]
  name = "github.com/rs/cors"
  packages = ["."]
  revision = "a62a804a8a009876ca59105f7899938a1349f4b3"
  version = "v1.0"

[[projects]]
  name = "github.com/rs/xhandler"
  packages = ["."]
  revision = "d9d9599b6aaf6a058cb7b1f48291ded2cbd13390"
  version = "v1.0"

[[projects]]
  branch = "master"
  name = "github.com/status-im/status-go-sdk"
  packages = ["."]
  revision = "a5d2dbafc90017485360ec3a720f4af81f2a51b1"

[[projects]]
  name = "golang.org/x/net"
  packages = [
    "context",
    "websocket"
  ]
  revision = "a6577fac2d73be281a500b310739095313165611"

[[projects]]
  name = "gopkg.in/fatih/set.v0"
  packages = ["."]
  revision = "27c40922c40b43fe04554d8223a402af3ea333f3"

[[projects]]
  branch = "v2"
  name = "gopkg.in/natefinch/npipe.v2"
  packages = ["."]
  revision = "c1b8fa8bdccecb0b8db834ee0b92fdbcfa606dd6"

[solve-meta]
  analyzer-name = "dep"
  analyzer-version = 1
  inputs-digest = "0fd19f909afc8bf4884ec2be0b884fe60eb11611462017c0f4ab5991cf0f6206"
  solver-name = "gps-cdcl"
  solver-version = 1
